
Microsoft Visual Studio Solution File, Format Version 12.00
# Visual Studio 15
VisualStudioVersion = 15.0.28307.489
MinimumVisualStudioVersion = 10.0.40219.1
Project("{FAE04EC0-301F-11D3-BF4B-00C04F79EFBC}") = "Cookilicious", "Cookilicious\Cookilicious.csproj", "{646C0DAB-C739-43B2-A00B-844A1FB98265}"
EndProject
Global
	GlobalSection(SolutionConfigurationPlatforms) = preSolution
		Debug|Any CPU = Debug|Any CPU
		Release|Any CPU = Release|Any CPU
	EndGlobalSection
	GlobalSection(ProjectConfigurationPlatforms) = postSolution
		{646C0DAB-C739-43B2-A00B-844A1FB98265}.Debug|Any CPU.ActiveCfg = Debug|Any CPU
		{646C0DAB-C739-43B2-A00B-844A1FB98265}.Debug|Any CPU.Build.0 = Debug|Any CPU
		{646C0DAB-C739-43B2-A00B-844A1FB98265}.Release|Any CPU.ActiveCfg = Release|Any CPU
		{646C0DAB-C739-43B2-A00B-844A1FB98265}.Release|Any CPU.Build.0 = Release|Any CPU
	EndGlobalSection
	GlobalSection(SolutionProperties) = preSolution
		HideSolutionNode = FALSE
	EndGlobalSection
	GlobalSection(ExtensibilityGlobals) = postSolution
		SolutionGuid = {129971EA-9913-4351-A967-6455B41E7516}
	EndGlobalSection
EndGlobal
